// !$*UTF8*$!
{
	archiveVersion = 1;
	classes = {
	};
	objectVersion = 46;
	objects = {

/* Begin PBXAggregateTarget section */
		"Lever::LeverPackageTests::ProductTarget" /* LeverPackageTests */ = {
			isa = PBXAggregateTarget;
			buildConfigurationList = OBJ_75 /* Build configuration list for PBXAggregateTarget "LeverPackageTests" */;
			buildPhases = (
			);
			dependencies = (
				OBJ_78 /* PBXTargetDependency */,
			);
			name = LeverPackageTests;
			productName = LeverPackageTests;
		};
/* End PBXAggregateTarget section */

/* Begin PBXBuildFile section */
		DCFCA7532121A47F006239F5 /* ResultRepresentable.swift in Sources */ = {isa = PBXBuildFile; fileRef = DCFCA7522121A47F006239F5 /* ResultRepresentable.swift */; };
		OBJ_46 /* Lever.Error.swift in Sources */ = {isa = PBXBuildFile; fileRef = OBJ_9 /* Lever.Error.swift */; };
		OBJ_47 /* Array.RemoveObject.swift in Sources */ = {isa = PBXBuildFile; fileRef = OBJ_11 /* Array.RemoveObject.swift */; };
		OBJ_48 /* Dictionary.AsQuery.swift in Sources */ = {isa = PBXBuildFile; fileRef = OBJ_12 /* Dictionary.AsQuery.swift */; };
		OBJ_49 /* String.Escaped.swift in Sources */ = {isa = PBXBuildFile; fileRef = OBJ_13 /* String.Escaped.swift */; };
		OBJ_50 /* Lever.swift in Sources */ = {isa = PBXBuildFile; fileRef = OBJ_14 /* Lever.swift */; };
		OBJ_51 /* HTTPBodyEncodable.swift in Sources */ = {isa = PBXBuildFile; fileRef = OBJ_16 /* HTTPBodyEncodable.swift */; };
		OBJ_52 /* RequestEncodable.swift in Sources */ = {isa = PBXBuildFile; fileRef = OBJ_17 /* RequestEncodable.swift */; };
		OBJ_53 /* RequestRepresentable.swift in Sources */ = {isa = PBXBuildFile; fileRef = OBJ_18 /* RequestRepresentable.swift */; };
		OBJ_54 /* Requestable.swift in Sources */ = {isa = PBXBuildFile; fileRef = OBJ_19 /* Requestable.swift */; };
		OBJ_55 /* ResponseRepresentable.swift in Sources */ = {isa = PBXBuildFile; fileRef = OBJ_20 /* ResponseRepresentable.swift */; };
		OBJ_56 /* SessionRepresentable.swift in Sources */ = {isa = PBXBuildFile; fileRef = OBJ_21 /* SessionRepresentable.swift */; };
		OBJ_57 /* TaskRepresentable.swift in Sources */ = {isa = PBXBuildFile; fileRef = OBJ_22 /* TaskRepresentable.swift */; };
		OBJ_58 /* URLConvertiable.swift in Sources */ = {isa = PBXBuildFile; fileRef = OBJ_23 /* URLConvertiable.swift */; };
		OBJ_59 /* URLEncodable.swift in Sources */ = {isa = PBXBuildFile; fileRef = OBJ_24 /* URLEncodable.swift */; };
		OBJ_60 /* HTTPContentType.swift in Sources */ = {isa = PBXBuildFile; fileRef = OBJ_26 /* HTTPContentType.swift */; };
		OBJ_61 /* JSONEncoder.swift in Sources */ = {isa = PBXBuildFile; fileRef = OBJ_27 /* JSONEncoder.swift */; };
		OBJ_62 /* PropertyListEncoder.swift in Sources */ = {isa = PBXBuildFile; fileRef = OBJ_28 /* PropertyListEncoder.swift */; };
		OBJ_63 /* Session.swift in Sources */ = {isa = PBXBuildFile; fileRef = OBJ_29 /* Session.swift */; };
		OBJ_64 /* SessionDelegate.swift in Sources */ = {isa = PBXBuildFile; fileRef = OBJ_30 /* SessionDelegate.swift */; };
		OBJ_65 /* Task.swift in Sources */ = {isa = PBXBuildFile; fileRef = OBJ_31 /* Task.swift */; };
		OBJ_66 /* URLEncoder.swift in Sources */ = {isa = PBXBuildFile; fileRef = OBJ_32 /* URLEncoder.swift */; };
		OBJ_73 /* Package.swift in Sources */ = {isa = PBXBuildFile; fileRef = OBJ_6 /* Package.swift */; };
		OBJ_84 /* Dictionary2QueryTests.swift in Sources */ = {isa = PBXBuildFile; fileRef = OBJ_35 /* Dictionary2QueryTests.swift */; };
		OBJ_85 /* LeverTests.swift in Sources */ = {isa = PBXBuildFile; fileRef = OBJ_36 /* LeverTests.swift */; };
		OBJ_86 /* XCTestManifests.swift in Sources */ = {isa = PBXBuildFile; fileRef = OBJ_37 /* XCTestManifests.swift */; };
		OBJ_88 /* Lever.framework in Frameworks */ = {isa = PBXBuildFile; fileRef = "Lever::Lever::Product" /* Lever.framework */; };
/* End PBXBuildFile section */

/* Begin PBXContainerItemProxy section */
		DCBCD8CF212125E600969678 /* PBXContainerItemProxy */ = {
			isa = PBXContainerItemProxy;
			containerPortal = OBJ_1 /* Project object */;
			proxyType = 1;
			remoteGlobalIDString = "Lever::Lever";
			remoteInfo = Lever;
		};
		DCBCD8D0212125E700969678 /* PBXContainerItemProxy */ = {
			isa = PBXContainerItemProxy;
			containerPortal = OBJ_1 /* Project object */;
			proxyType = 1;
			remoteGlobalIDString = "Lever::LeverTests";
			remoteInfo = LeverTests;
		};
/* End PBXContainerItemProxy section */

/* Begin PBXFileReference section */
		DCFCA7522121A47F006239F5 /* ResultRepresentable.swift */ = {isa = PBXFileReference; lastKnownFileType = sourcecode.swift; path = ResultRepresentable.swift; sourceTree = "<group>"; };
		"Lever::Lever::Product" /* Lever.framework */ = {isa = PBXFileReference; lastKnownFileType = wrapper.framework; path = Lever.framework; sourceTree = BUILT_PRODUCTS_DIR; };
		"Lever::LeverTests::Product" /* LeverTests.xctest */ = {isa = PBXFileReference; lastKnownFileType = file; path = LeverTests.xctest; sourceTree = BUILT_PRODUCTS_DIR; };
		OBJ_11 /* Array.RemoveObject.swift */ = {isa = PBXFileReference; lastKnownFileType = sourcecode.swift; path = Array.RemoveObject.swift; sourceTree = "<group>"; };
		OBJ_12 /* Dictionary.AsQuery.swift */ = {isa = PBXFileReference; lastKnownFileType = sourcecode.swift; path = Dictionary.AsQuery.swift; sourceTree = "<group>"; };
		OBJ_13 /* String.Escaped.swift */ = {isa = PBXFileReference; lastKnownFileType = sourcecode.swift; path = String.Escaped.swift; sourceTree = "<group>"; };
		OBJ_14 /* Lever.swift */ = {isa = PBXFileReference; lastKnownFileType = sourcecode.swift; path = Lever.swift; sourceTree = "<group>"; };
		OBJ_16 /* HTTPBodyEncodable.swift */ = {isa = PBXFileReference; lastKnownFileType = sourcecode.swift; path = HTTPBodyEncodable.swift; sourceTree = "<group>"; };
		OBJ_17 /* RequestEncodable.swift */ = {isa = PBXFileReference; lastKnownFileType = sourcecode.swift; path = RequestEncodable.swift; sourceTree = "<group>"; };
		OBJ_18 /* RequestRepresentable.swift */ = {isa = PBXFileReference; lastKnownFileType = sourcecode.swift; path = RequestRepresentable.swift; sourceTree = "<group>"; };
		OBJ_19 /* Requestable.swift */ = {isa = PBXFileReference; lastKnownFileType = sourcecode.swift; path = Requestable.swift; sourceTree = "<group>"; };
		OBJ_20 /* ResponseRepresentable.swift */ = {isa = PBXFileReference; lastKnownFileType = sourcecode.swift; path = ResponseRepresentable.swift; sourceTree = "<group>"; };
		OBJ_21 /* SessionRepresentable.swift */ = {isa = PBXFileReference; lastKnownFileType = sourcecode.swift; path = SessionRepresentable.swift; sourceTree = "<group>"; };
		OBJ_22 /* TaskRepresentable.swift */ = {isa = PBXFileReference; lastKnownFileType = sourcecode.swift; path = TaskRepresentable.swift; sourceTree = "<group>"; };
		OBJ_23 /* URLConvertiable.swift */ = {isa = PBXFileReference; lastKnownFileType = sourcecode.swift; path = URLConvertiable.swift; sourceTree = "<group>"; };
		OBJ_24 /* URLEncodable.swift */ = {isa = PBXFileReference; lastKnownFileType = sourcecode.swift; path = URLEncodable.swift; sourceTree = "<group>"; };
		OBJ_26 /* HTTPContentType.swift */ = {isa = PBXFileReference; lastKnownFileType = sourcecode.swift; path = HTTPContentType.swift; sourceTree = "<group>"; };
		OBJ_27 /* JSONEncoder.swift */ = {isa = PBXFileReference; lastKnownFileType = sourcecode.swift; path = JSONEncoder.swift; sourceTree = "<group>"; };
		OBJ_28 /* PropertyListEncoder.swift */ = {isa = PBXFileReference; lastKnownFileType = sourcecode.swift; path = PropertyListEncoder.swift; sourceTree = "<group>"; };
		OBJ_29 /* Session.swift */ = {isa = PBXFileReference; lastKnownFileType = sourcecode.swift; path = Session.swift; sourceTree = "<group>"; };
		OBJ_30 /* SessionDelegate.swift */ = {isa = PBXFileReference; lastKnownFileType = sourcecode.swift; path = SessionDelegate.swift; sourceTree = "<group>"; };
		OBJ_31 /* Task.swift */ = {isa = PBXFileReference; lastKnownFileType = sourcecode.swift; path = Task.swift; sourceTree = "<group>"; };
		OBJ_32 /* URLEncoder.swift */ = {isa = PBXFileReference; lastKnownFileType = sourcecode.swift; path = URLEncoder.swift; sourceTree = "<group>"; };
		OBJ_35 /* Dictionary2QueryTests.swift */ = {isa = PBXFileReference; lastKnownFileType = sourcecode.swift; path = Dictionary2QueryTests.swift; sourceTree = "<group>"; };
		OBJ_36 /* LeverTests.swift */ = {isa = PBXFileReference; lastKnownFileType = sourcecode.swift; path = LeverTests.swift; sourceTree = "<group>"; };
		OBJ_37 /* XCTestManifests.swift */ = {isa = PBXFileReference; lastKnownFileType = sourcecode.swift; path = XCTestManifests.swift; sourceTree = "<group>"; };
		OBJ_6 /* Package.swift */ = {isa = PBXFileReference; explicitFileType = sourcecode.swift; path = Package.swift; sourceTree = "<group>"; };
		OBJ_9 /* Lever.Error.swift */ = {isa = PBXFileReference; lastKnownFileType = sourcecode.swift; path = Lever.Error.swift; sourceTree = "<group>"; };
/* End PBXFileReference section */

/* Begin PBXFrameworksBuildPhase section */
		OBJ_67 /* Frameworks */ = {
			isa = PBXFrameworksBuildPhase;
			buildActionMask = 0;
			files = (
			);
			runOnlyForDeploymentPostprocessing = 0;
		};
		OBJ_87 /* Frameworks */ = {
			isa = PBXFrameworksBuildPhase;
			buildActionMask = 0;
			files = (
				OBJ_88 /* Lever.framework in Frameworks */,
			);
			runOnlyForDeploymentPostprocessing = 0;
		};
/* End PBXFrameworksBuildPhase section */

/* Begin PBXGroup section */
		OBJ_10 /* Extensions */ = {
			isa = PBXGroup;
			children = (
				OBJ_13 /* String.Escaped.swift */,
				OBJ_12 /* Dictionary.AsQuery.swift */,
				OBJ_11 /* Array.RemoveObject.swift */,
			);
			path = Extensions;
			sourceTree = "<group>";
		};
		OBJ_15 /* Protocols */ = {
			isa = PBXGroup;
			children = (
				OBJ_16 /* HTTPBodyEncodable.swift */,
				OBJ_17 /* RequestEncodable.swift */,
				OBJ_18 /* RequestRepresentable.swift */,
				OBJ_19 /* Requestable.swift */,
				OBJ_20 /* ResponseRepresentable.swift */,
				OBJ_21 /* SessionRepresentable.swift */,
				OBJ_22 /* TaskRepresentable.swift */,
				OBJ_23 /* URLConvertiable.swift */,
				OBJ_24 /* URLEncodable.swift */,
				DCFCA7522121A47F006239F5 /* ResultRepresentable.swift */,
			);
			path = Protocols;
			sourceTree = "<group>";
		};
		OBJ_25 /* Types */ = {
			isa = PBXGroup;
			children = (
				OBJ_29 /* Session.swift */,
				OBJ_30 /* SessionDelegate.swift */,
				OBJ_31 /* Task.swift */,
				OBJ_26 /* HTTPContentType.swift */,
				OBJ_27 /* JSONEncoder.swift */,
				OBJ_28 /* PropertyListEncoder.swift */,
				OBJ_32 /* URLEncoder.swift */,
			);
			path = Types;
			sourceTree = "<group>";
		};
		OBJ_33 /* Tests */ = {
			isa = PBXGroup;
			children = (
				OBJ_34 /* LeverTests */,
			);
			name = Tests;
			sourceTree = SOURCE_ROOT;
		};
		OBJ_34 /* LeverTests */ = {
			isa = PBXGroup;
			children = (
				OBJ_35 /* Dictionary2QueryTests.swift */,
				OBJ_36 /* LeverTests.swift */,
				OBJ_37 /* XCTestManifests.swift */,
			);
			name = LeverTests;
			path = Tests/LeverTests;
			sourceTree = SOURCE_ROOT;
		};
		OBJ_38 /* Products */ = {
			isa = PBXGroup;
			children = (
				"Lever::LeverTests::Product" /* LeverTests.xctest */,
				"Lever::Lever::Product" /* Lever.framework */,
			);
			name = Products;
			sourceTree = BUILT_PRODUCTS_DIR;
		};
		OBJ_5 = {
			isa = PBXGroup;
			children = (
				OBJ_6 /* Package.swift */,
				OBJ_7 /* Sources */,
				OBJ_33 /* Tests */,
				OBJ_38 /* Products */,
			);
			sourceTree = "<group>";
		};
		OBJ_7 /* Sources */ = {
			isa = PBXGroup;
			children = (
				OBJ_8 /* Lever */,
			);
			name = Sources;
			sourceTree = SOURCE_ROOT;
		};
		OBJ_8 /* Lever */ = {
			isa = PBXGroup;
			children = (
				OBJ_14 /* Lever.swift */,
				OBJ_9 /* Lever.Error.swift */,
				OBJ_15 /* Protocols */,
				OBJ_25 /* Types */,
				OBJ_10 /* Extensions */,
			);
			name = Lever;
			path = Sources/Lever;
			sourceTree = SOURCE_ROOT;
		};
/* End PBXGroup section */

/* Begin PBXNativeTarget section */
		"Lever::Lever" /* Lever */ = {
			isa = PBXNativeTarget;
			buildConfigurationList = OBJ_42 /* Build configuration list for PBXNativeTarget "Lever" */;
			buildPhases = (
				OBJ_45 /* Sources */,
				OBJ_67 /* Frameworks */,
			);
			buildRules = (
			);
			dependencies = (
			);
			name = Lever;
			productName = Lever;
			productReference = "Lever::Lever::Product" /* Lever.framework */;
			productType = "com.apple.product-type.framework";
		};
		"Lever::LeverTests" /* LeverTests */ = {
			isa = PBXNativeTarget;
			buildConfigurationList = OBJ_80 /* Build configuration list for PBXNativeTarget "LeverTests" */;
			buildPhases = (
				OBJ_83 /* Sources */,
				OBJ_87 /* Frameworks */,
			);
			buildRules = (
			);
			dependencies = (
				OBJ_89 /* PBXTargetDependency */,
			);
			name = LeverTests;
			productName = LeverTests;
			productReference = "Lever::LeverTests::Product" /* LeverTests.xctest */;
			productType = "com.apple.product-type.bundle.unit-test";
		};
		"Lever::SwiftPMPackageDescription" /* LeverPackageDescription */ = {
			isa = PBXNativeTarget;
			buildConfigurationList = OBJ_69 /* Build configuration list for PBXNativeTarget "LeverPackageDescription" */;
			buildPhases = (
				OBJ_72 /* Sources */,
			);
			buildRules = (
			);
			dependencies = (
			);
			name = LeverPackageDescription;
			productName = LeverPackageDescription;
			productType = "com.apple.product-type.framework";
		};
/* End PBXNativeTarget section */

/* Begin PBXProject section */
		OBJ_1 /* Project object */ = {
			isa = PBXProject;
			attributes = {
				LastUpgradeCheck = 9999;
			};
			buildConfigurationList = OBJ_2 /* Build configuration list for PBXProject "Lever" */;
			compatibilityVersion = "Xcode 3.2";
			developmentRegion = English;
			hasScannedForEncodings = 0;
			knownRegions = (
				en,
			);
			mainGroup = OBJ_5;
			productRefGroup = OBJ_38 /* Products */;
			projectDirPath = "";
			projectRoot = "";
			targets = (
				"Lever::Lever" /* Lever */,
				"Lever::SwiftPMPackageDescription" /* LeverPackageDescription */,
				"Lever::LeverPackageTests::ProductTarget" /* LeverPackageTests */,
				"Lever::LeverTests" /* LeverTests */,
			);
		};
/* End PBXProject section */

/* Begin PBXSourcesBuildPhase section */
		OBJ_45 /* Sources */ = {
			isa = PBXSourcesBuildPhase;
			buildActionMask = 0;
			files = (
				OBJ_46 /* Lever.Error.swift in Sources */,
				OBJ_47 /* Array.RemoveObject.swift in Sources */,
				OBJ_48 /* Dictionary.AsQuery.swift in Sources */,
				OBJ_49 /* String.Escaped.swift in Sources */,
				OBJ_50 /* Lever.swift in Sources */,
				OBJ_51 /* HTTPBodyEncodable.swift in Sources */,
				OBJ_52 /* RequestEncodable.swift in Sources */,
				OBJ_53 /* RequestRepresentable.swift in Sources */,
				OBJ_54 /* Requestable.swift in Sources */,
				OBJ_55 /* ResponseRepresentable.swift in Sources */,
				OBJ_56 /* SessionRepresentable.swift in Sources */,
				OBJ_57 /* TaskRepresentable.swift in Sources */,
				OBJ_58 /* URLConvertiable.swift in Sources */,
				DCFCA7532121A47F006239F5 /* ResultRepresentable.swift in Sources */,
				OBJ_59 /* URLEncodable.swift in Sources */,
				OBJ_60 /* HTTPContentType.swift in Sources */,
				OBJ_61 /* JSONEncoder.swift in Sources */,
				OBJ_62 /* PropertyListEncoder.swift in Sources */,
				OBJ_63 /* Session.swift in Sources */,
				OBJ_64 /* SessionDelegate.swift in Sources */,
				OBJ_65 /* Task.swift in Sources */,
				OBJ_66 /* URLEncoder.swift in Sources */,
			);
			runOnlyForDeploymentPostprocessing = 0;
		};
		OBJ_72 /* Sources */ = {
			isa = PBXSourcesBuildPhase;
			buildActionMask = 0;
			files = (
				OBJ_73 /* Package.swift in Sources */,
			);
			runOnlyForDeploymentPostprocessing = 0;
		};
		OBJ_83 /* Sources */ = {
			isa = PBXSourcesBuildPhase;
			buildActionMask = 0;
			files = (
				OBJ_84 /* Dictionary2QueryTests.swift in Sources */,
				OBJ_85 /* LeverTests.swift in Sources */,
				OBJ_86 /* XCTestManifests.swift in Sources */,
			);
			runOnlyForDeploymentPostprocessing = 0;
		};
/* End PBXSourcesBuildPhase section */

/* Begin PBXTargetDependency section */
		OBJ_78 /* PBXTargetDependency */ = {
			isa = PBXTargetDependency;
			target = "Lever::LeverTests" /* LeverTests */;
			targetProxy = DCBCD8D0212125E700969678 /* PBXContainerItemProxy */;
		};
		OBJ_89 /* PBXTargetDependency */ = {
			isa = PBXTargetDependency;
			target = "Lever::Lever" /* Lever */;
			targetProxy = DCBCD8CF212125E600969678 /* PBXContainerItemProxy */;
		};
/* End PBXTargetDependency section */

/* Begin XCBuildConfiguration section */
		OBJ_3 /* Debug */ = {
			isa = XCBuildConfiguration;
			buildSettings = {
				CLANG_ENABLE_OBJC_ARC = YES;
				COMBINE_HIDPI_IMAGES = YES;
				COPY_PHASE_STRIP = NO;
				DEBUG_INFORMATION_FORMAT = dwarf;
				DYLIB_INSTALL_NAME_BASE = "@rpath";
				ENABLE_NS_ASSERTIONS = YES;
				GCC_OPTIMIZATION_LEVEL = 0;
				GCC_PREPROCESSOR_DEFINITIONS = (
					"DEBUG=1",
					"$(inherited)",
				);
				MACOSX_DEPLOYMENT_TARGET = 10.10;
				ONLY_ACTIVE_ARCH = YES;
				OTHER_SWIFT_FLAGS = "-DXcode";
				PRODUCT_NAME = "$(TARGET_NAME)";
				SDKROOT = macosx;
				SUPPORTED_PLATFORMS = "macosx iphoneos iphonesimulator appletvos appletvsimulator watchos watchsimulator";
				SWIFT_ACTIVE_COMPILATION_CONDITIONS = DEBUG;
				SWIFT_OPTIMIZATION_LEVEL = "-Onone";
				USE_HEADERMAP = NO;
			};
			name = Debug;
		};
		OBJ_4 /* Release */ = {
			isa = XCBuildConfiguration;
			buildSettings = {
				CLANG_ENABLE_OBJC_ARC = YES;
				COMBINE_HIDPI_IMAGES = YES;
				COPY_PHASE_STRIP = YES;
				DEBUG_INFORMATION_FORMAT = "dwarf-with-dsym";
				DYLIB_INSTALL_NAME_BASE = "@rpath";
				GCC_OPTIMIZATION_LEVEL = s;
				MACOSX_DEPLOYMENT_TARGET = 10.10;
				OTHER_SWIFT_FLAGS = "-DXcode";
				PRODUCT_NAME = "$(TARGET_NAME)";
				SDKROOT = macosx;
				SUPPORTED_PLATFORMS = "macosx iphoneos iphonesimulator appletvos appletvsimulator watchos watchsimulator";
				SWIFT_ACTIVE_COMPILATION_CONDITIONS = SWIFT_PACKAGE;
				SWIFT_OPTIMIZATION_LEVEL = "-Owholemodule";
				USE_HEADERMAP = NO;
			};
			name = Release;
		};
		OBJ_43 /* Debug */ = {
			isa = XCBuildConfiguration;
			buildSettings = {
				ENABLE_TESTABILITY = YES;
				FRAMEWORK_SEARCH_PATHS = (
					"$(inherited)",
					"$(PLATFORM_DIR)/Developer/Library/Frameworks",
				);
				HEADER_SEARCH_PATHS = "$(inherited)";
				INFOPLIST_FILE = Lever.xcodeproj/Lever_Info.plist;
				LD_RUNPATH_SEARCH_PATHS = "$(inherited) $(TOOLCHAIN_DIR)/usr/lib/swift/macosx";
				OTHER_CFLAGS = "$(inherited)";
				OTHER_LDFLAGS = "$(inherited)";
				OTHER_SWIFT_FLAGS = "$(inherited)";
				PRODUCT_BUNDLE_IDENTIFIER = Lever;
				PRODUCT_MODULE_NAME = "$(TARGET_NAME:c99extidentifier)";
				PRODUCT_NAME = "$(TARGET_NAME:c99extidentifier)";
				SKIP_INSTALL = YES;
				SWIFT_ACTIVE_COMPILATION_CONDITIONS = "$(inherited)";
				SWIFT_VERSION = 4.2.0;
				TARGET_NAME = Lever;
			};
			name = Debug;
		};
		OBJ_44 /* Release */ = {
			isa = XCBuildConfiguration;
			buildSettings = {
				ENABLE_TESTABILITY = YES;
				FRAMEWORK_SEARCH_PATHS = (
					"$(inherited)",
					"$(PLATFORM_DIR)/Developer/Library/Frameworks",
				);
				HEADER_SEARCH_PATHS = "$(inherited)";
				INFOPLIST_FILE = Lever.xcodeproj/Lever_Info.plist;
				LD_RUNPATH_SEARCH_PATHS = "$(inherited) $(TOOLCHAIN_DIR)/usr/lib/swift/macosx";
				OTHER_CFLAGS = "$(inherited)";
				OTHER_LDFLAGS = "$(inherited)";
				OTHER_SWIFT_FLAGS = "$(inherited)";
				PRODUCT_BUNDLE_IDENTIFIER = Lever;
				PRODUCT_MODULE_NAME = "$(TARGET_NAME:c99extidentifier)";
				PRODUCT_NAME = "$(TARGET_NAME:c99extidentifier)";
				SKIP_INSTALL = YES;
				SWIFT_ACTIVE_COMPILATION_CONDITIONS = "$(inherited)";
				SWIFT_VERSION = 4.2.0;
				TARGET_NAME = Lever;
			};
			name = Release;
		};
		OBJ_70 /* Debug */ = {
			isa = XCBuildConfiguration;
			buildSettings = {
				LD = /usr/bin/true;
				OTHER_SWIFT_FLAGS = "-swift-version 4.2 -I $(TOOLCHAIN_DIR)/usr/lib/swift/pm/4_2 -target x86_64-apple-macosx10.10 -sdk /Applications/Xcode-beta.app/Contents/Developer/Platforms/MacOSX.platform/Developer/SDKs/MacOSX10.14.sdk";
				SWIFT_VERSION = 4_2.0;
			};
			name = Debug;
		};
		OBJ_71 /* Release */ = {
			isa = XCBuildConfiguration;
			buildSettings = {
				LD = /usr/bin/true;
				OTHER_SWIFT_FLAGS = "-swift-version 4.2 -I $(TOOLCHAIN_DIR)/usr/lib/swift/pm/4_2 -target x86_64-apple-macosx10.10 -sdk /Applications/Xcode-beta.app/Contents/Developer/Platforms/MacOSX.platform/Developer/SDKs/MacOSX10.14.sdk";
				SWIFT_VERSION = 4_2.0;
			};
			name = Release;
		};
		OBJ_76 /* Debug */ = {
			isa = XCBuildConfiguration;
			buildSettings = {
			};
			name = Debug;
		};
		OBJ_77 /* Release */ = {
			isa = XCBuildConfiguration;
			buildSettings = {
			};
			name = Release;
		};
		OBJ_81 /* Debug */ = {
			isa = XCBuildConfiguration;
			buildSettings = {
				EMBEDDED_CONTENT_CONTAINS_SWIFT = YES;
				FRAMEWORK_SEARCH_PATHS = (
					"$(inherited)",
					"$(PLATFORM_DIR)/Developer/Library/Frameworks",
				);
				HEADER_SEARCH_PATHS = "$(inherited)";
				INFOPLIST_FILE = Lever.xcodeproj/LeverTests_Info.plist;
				LD_RUNPATH_SEARCH_PATHS = "$(inherited) @loader_path/../Frameworks @loader_path/Frameworks";
				OTHER_CFLAGS = "$(inherited)";
				OTHER_LDFLAGS = "$(inherited)";
				OTHER_SWIFT_FLAGS = "$(inherited)";
				SWIFT_ACTIVE_COMPILATION_CONDITIONS = "$(inherited)";
				SWIFT_VERSION = 4.2.0;
				TARGET_NAME = LeverTests;
			};
			name = Debug;
		};
		OBJ_82 /* Release */ = {
			isa = XCBuildConfiguration;
			buildSettings = {
				EMBEDDED_CONTENT_CONTAINS_SWIFT = YES;
				FRAMEWORK_SEARCH_PATHS = (
					"$(inherited)",
					"$(PLATFORM_DIR)/Developer/Library/Frameworks",
				);
				HEADER_SEARCH_PATHS = "$(inherited)";
				INFOPLIST_FILE = Lever.xcodeproj/LeverTests_Info.plist;
				LD_RUNPATH_SEARCH_PATHS = "$(inherited) @loader_path/../Frameworks @loader_path/Frameworks";
				OTHER_CFLAGS = "$(inherited)";
				OTHER_LDFLAGS = "$(inherited)";
				OTHER_SWIFT_FLAGS = "$(inherited)";
				SWIFT_ACTIVE_COMPILATION_CONDITIONS = "$(inherited)";
				SWIFT_VERSION = 4.2.0;
				TARGET_NAME = LeverTests;
			};
			name = Release;
		};
/* End XCBuildConfiguration section */

/* Begin XCConfigurationList section */
		OBJ_2 /* Build configuration list for PBXProject "Lever" */ = {
			isa = XCConfigurationList;
			buildConfigurations = (
				OBJ_3 /* Debug */,
				OBJ_4 /* Release */,
			);
			defaultConfigurationIsVisible = 0;
			defaultConfigurationName = Release;
		};
		OBJ_42 /* Build configuration list for PBXNativeTarget "Lever" */ = {
			isa = XCConfigurationList;
			buildConfigurations = (
				OBJ_43 /* Debug */,
				OBJ_44 /* Release */,
			);
			defaultConfigurationIsVisible = 0;
			defaultConfigurationName = Release;
		};
		OBJ_69 /* Build configuration list for PBXNativeTarget "LeverPackageDescription" */ = {
			isa = XCConfigurationList;
			buildConfigurations = (
				OBJ_70 /* Debug */,
				OBJ_71 /* Release */,
			);
			defaultConfigurationIsVisible = 0;
			defaultConfigurationName = Release;
		};
		OBJ_75 /* Build configuration list for PBXAggregateTarget "LeverPackageTests" */ = {
			isa = XCConfigurationList;
			buildConfigurations = (
				OBJ_76 /* Debug */,
				OBJ_77 /* Release */,
			);
			defaultConfigurationIsVisible = 0;
			defaultConfigurationName = Release;
		};
		OBJ_80 /* Build configuration list for PBXNativeTarget "LeverTests" */ = {
			isa = XCConfigurationList;
			buildConfigurations = (
				OBJ_81 /* Debug */,
				OBJ_82 /* Release */,
			);
			defaultConfigurationIsVisible = 0;
			defaultConfigurationName = Release;
		};
/* End XCConfigurationList section */
	};
	rootObject = OBJ_1 /* Project object */;
}
